
Microsoft Visual Studio Solution File, Format Version 12.00
# Visual Studio Version 16
VisualStudioVersion = 16.0.29411.108
MinimumVisualStudioVersion = 10.0.40219.1
Project("{FAE04EC0-301F-11D3-BF4B-00C04F79EFBC}") = "4.Milepæl-Trendlog", "4.Milepæl-Trendlog\4.Milepæl-Trendlog.csproj", "{72564C30-D9A9-4C03-A3C8-D3C213563027}"
EndProject
Global
	GlobalSection(SolutionConfigurationPlatforms) = preSolution
		Debug|Any CPU = Debug|Any CPU
		Release|Any CPU = Release|Any CPU
	EndGlobalSection
	GlobalSection(ProjectConfigurationPlatforms) = postSolution
		{72564C30-D9A9-4C03-A3C8-D3C213563027}.Debug|Any CPU.ActiveCfg = Debug|Any CPU
		{72564C30-D9A9-4C03-A3C8-D3C213563027}.Debug|Any CPU.Build.0 = Debug|Any CPU
		{72564C30-D9A9-4C03-A3C8-D3C213563027}.Release|Any CPU.ActiveCfg = Release|Any CPU
		{72564C30-D9A9-4C03-A3C8-D3C213563027}.Release|Any CPU.Build.0 = Release|Any CPU
	EndGlobalSection
	GlobalSection(SolutionProperties) = preSolution
		HideSolutionNode = FALSE
	EndGlobalSection
	GlobalSection(ExtensibilityGlobals) = postSolution
		SolutionGuid = {0F8F8E7C-78C6-48D3-A4E6-AB456474F589}
	EndGlobalSection
EndGlobal
